
Microsoft Visual Studio Solution File, Format Version 10.00
# Visual Studio 2008
Project("{8BC9CEB8-8B4A-11D0-8D11-00A0C91BC942}") = "gmLua", "gmLua\gmLua.vcproj", "{E6F84A74-CABD-442A-ADA2-E6EADC85A250}"
EndProject
Global
	GlobalSection(SubversionScc) = preSolution
		Svn-Managed = True
		Manager = AnkhSVN - Subversion Support for Visual Studio
	EndGlobalSection
	GlobalSection(SolutionConfigurationPlatforms) = preSolution
		Debug|Win32 = Debug|Win32
		Release|Win32 = Release|Win32
	EndGlobalSection
	GlobalSection(ProjectConfigurationPlatforms) = postSolution
		{E6F84A74-CABD-442A-ADA2-E6EADC85A250}.Debug|Win32.ActiveCfg = Debug|Win32
		{E6F84A74-CABD-442A-ADA2-E6EADC85A250}.Debug|Win32.Build.0 = Debug|Win32
		{E6F84A74-CABD-442A-ADA2-E6EADC85A250}.Release|Win32.ActiveCfg = Release|Win32
		{E6F84A74-CABD-442A-ADA2-E6EADC85A250}.Release|Win32.Build.0 = Release|Win32
	EndGlobalSection
	GlobalSection(SolutionProperties) = preSolution
		HideSolutionNode = FALSE
	EndGlobalSection
EndGlobal
